{
  "name": "ritaje",
  "lockfileVersion": 3,
  "requires": true,
  "packages": {
    "": {
      "dependencies": {
        "@fortawesome/free-regular-svg-icons": "^7.0.1",
        "@fortawesome/free-solid-svg-icons": "^7.0.1",
        "@fortawesome/react-fontawesome": "^3.0.2",
        "slugify": "^1.6.6"
      }
    },
    "node_modules/@fortawesome/fontawesome-common-types": {
      "version": "7.0.1",
      "resolved": "https://registry.npmjs.org/@fortawesome/fontawesome-common-types/-/fontawesome-common-types-7.0.1.tgz",
      "integrity": "sha512-0VpNtO5cNe1/HQWMkl4OdncYK/mv9hnBte0Ew0n6DMzmo3Q3WzDFABHm6LeNTipt5zAyhQ6Ugjiu8aLaEjh1gg==",
      "license": "MIT",
      "engines": {
        "node": ">=6"
      }
    },
    "node_modules/@fortawesome/fontawesome-svg-core": {
      "version": "7.0.1",
      "resolved": "https://registry.npmjs.org/@fortawesome/fontawesome-svg-core/-/fontawesome-svg-core-7.0.1.tgz",
      "integrity": "sha512-x0cR55ILVqFpUioSMf6ebpRCMXMcheGN743P05W2RB5uCNpJUqWIqW66Lap8PfL/lngvjTbZj0BNSUweIr/fHQ==",
      "license": "MIT",
      "peer": true,
      "dependencies": {
        "@fortawesome/fontawesome-common-types": "7.0.1"
      },
      "engines": {
        "node": ">=6"
      }
    },
    "node_modules/@fortawesome/free-regular-svg-icons": {
      "version": "7.0.1",
      "resolved": "https://registry.npmjs.org/@fortawesome/free-regular-svg-icons/-/free-regular-svg-icons-7.0.1.tgz",
      "integrity": "sha512-4V9fHbHjcx9Qu4O99AM5B4zuEDfB4zajk1I77hEzOxPN00f8g3484Aeq6WpfFcmookvjLE3Pr71Dhf/lqw7tbA==",
      "license": "(CC-BY-4.0 AND MIT)",
      "dependencies": {
        "@fortawesome/fontawesome-common-types": "7.0.1"
      },
      "engines": {
        "node": ">=6"
      }
    },
    "node_modules/@fortawesome/free-solid-svg-icons": {
      "version": "7.0.1",
      "resolved": "https://registry.npmjs.org/@fortawesome/free-solid-svg-icons/-/free-solid-svg-icons-7.0.1.tgz",
      "integrity": "sha512-esKuSrl1WMOTMDLNt38i16VfLe/gRZt2ZAJ3Yw7slfs7sj583MKqNFqO57zmhknk1Sya6f9Wys89aCzIJkcqlg==",
      "license": "(CC-BY-4.0 AND MIT)",
      "dependencies": {
        "@fortawesome/fontawesome-common-types": "7.0.1"
      },
      "engines": {
        "node": ">=6"
      }
    },
    "node_modules/@fortawesome/react-fontawesome": {
      "version": "3.0.2",
      "resolved": "https://registry.npmjs.org/@fortawesome/react-fontawesome/-/react-fontawesome-3.0.2.tgz",
      "integrity": "sha512-cmp/nT0pPC7HUALF8uc3+D5ECwEBWxYQbOIHwtGUWEu72sWtZc26k5onr920HWOViF0nYaC+Qzz6Ln56SQcaVg==",
      "license": "MIT",
      "engines": {
        "node": ">=20"
      },
      "peerDependencies": {
        "@fortawesome/fontawesome-svg-core": "~6 || ~7",
        "react": "^18.0.0 || ^19.0.0"
      }
    },
    "node_modules/react": {
      "version": "19.1.1",
      "resolved": "https://registry.npmjs.org/react/-/react-19.1.1.tgz",
      "integrity": "sha512-w8nqGImo45dmMIfljjMwOGtbmC/mk4CMYhWIicdSflH91J9TyCyczcPFXJzrZ/ZXcgGRFeP6BU0BEJTw6tZdfQ==",
      "license": "MIT",
      "peer": true,
      "engines": {
        "node": ">=0.10.0"
      }
    },
    "node_modules/slugify": {
      "version": "1.6.6",
      "resolved": "https://registry.npmjs.org/slugify/-/slugify-1.6.6.tgz",
      "integrity": "sha512-h+z7HKHYXj6wJU+AnS/+IH8Uh9fdcX1Lrhg1/VMdf9PwoBQXFcXiAdsy2tSK0P6gKwJLXp02r90ahUCqHk9rrw==",
      "license": "MIT",
      "engines": {
        "node": ">=8.0.0"
      }
    }
  }
}
